// !$*UTF8*$!
{
	archiveVersion = 1;
	classes = {
	};
	objectVersion = 46;
	objects = {

/* Begin PBXBuildFile section */
		F3DA43121A4B39EB00659DB3 /* AppDelegate.swift in Sources */ = {isa = PBXBuildFile; fileRef = F3DA43111A4B39EB00659DB3 /* AppDelegate.swift */; };
		F3DA43141A4B39EB00659DB3 /* ViewController.swift in Sources */ = {isa = PBXBuildFile; fileRef = F3DA43131A4B39EB00659DB3 /* ViewController.swift */; };
		F3DA43171A4B39EB00659DB3 /* Main.storyboard in Resources */ = {isa = PBXBuildFile; fileRef = F3DA43151A4B39EB00659DB3 /* Main.storyboard */; };
		F3DA43191A4B39EB00659DB3 /* Images.xcassets in Resources */ = {isa = PBXBuildFile; fileRef = F3DA43181A4B39EB00659DB3 /* Images.xcassets */; };
		F3DA431C1A4B39EB00659DB3 /* LaunchScreen.xib in Resources */ = {isa = PBXBuildFile; fileRef = F3DA431A1A4B39EB00659DB3 /* LaunchScreen.xib */; };
		F3DA43281A4B39EB00659DB3 /* Rain_RhythmTests.swift in Sources */ = {isa = PBXBuildFile; fileRef = F3DA43271A4B39EB00659DB3 /* Rain_RhythmTests.swift */; };
/* End PBXBuildFile section */

/* Begin PBXContainerItemProxy section */
		F3DA43221A4B39EB00659DB3 /* PBXContainerItemProxy */ = {
			isa = PBXContainerItemProxy;
			containerPortal = F3DA43041A4B39EA00659DB3 /* Project object */;
			proxyType = 1;
			remoteGlobalIDString = F3DA430B1A4B39EA00659DB3;
			remoteInfo = "Rain Rhythm";
		};
/* End PBXContainerItemProxy section */

/* Begin PBXFileReference section */
		F3DA430C1A4B39EB00659DB3 /* Rain Rhythm.app */ = {isa = PBXFileReference; explicitFileType = wrapper.application; includeInIndex = 0; path = "Rain Rhythm.app"; sourceTree = BUILT_PRODUCTS_DIR; };
		F3DA43101A4B39EB00659DB3 /* Info.plist */ = {isa = PBXFileReference; lastKnownFileType = text.plist.xml; path = Info.plist; sourceTree = "<group>"; };
		F3DA43111A4B39EB00659DB3 /* AppDelegate.swift */ = {isa = PBXFileReference; lastKnownFileType = sourcecode.swift; path = AppDelegate.swift; sourceTree = "<group>"; };
		F3DA43131A4B39EB00659DB3 /* ViewController.swift */ = {isa = PBXFileReference; lastKnownFileType = sourcecode.swift; path = ViewController.swift; sourceTree = "<group>"; };
		F3DA43161A4B39EB00659DB3 /* Base */ = {isa = PBXFileReference; lastKnownFileType = file.storyboard; name = Base; path = Base.lproj/Main.storyboard; sourceTree = "<group>"; };
		F3DA43181A4B39EB00659DB3 /* Images.xcassets */ = {isa = PBXFileReference; lastKnownFileType = folder.assetcatalog; path = Images.xcassets; sourceTree = "<group>"; };
		F3DA431B1A4B39EB00659DB3 /* Base */ = {isa = PBXFileReference; lastKnownFileType = file.xib; name = Base; path = Base.lproj/LaunchScreen.xib; sourceTree = "<group>"; };
		F3DA43211A4B39EB00659DB3 /* Rain RhythmTests.xctest */ = {isa = PBXFileReference; explicitFileType = wrapper.cfbundle; includeInIndex = 0; path = "Rain RhythmTests.xctest"; sourceTree = BUILT_PRODUCTS_DIR; };
		F3DA43261A4B39EB00659DB3 /* Info.plist */ = {isa = PBXFileReference; lastKnownFileType = text.plist.xml; path = Info.plist; sourceTree = "<group>"; };
		F3DA43271A4B39EB00659DB3 /* Rain_RhythmTests.swift */ = {isa = PBXFileReference; lastKnownFileType = sourcecode.swift; path = Rain_RhythmTests.swift; sourceTree = "<group>"; };
/* End PBXFileReference section */

/* Begin PBXFrameworksBuildPhase section */
		F3DA43091A4B39EA00659DB3 /* Frameworks */ = {
			isa = PBXFrameworksBuildPhase;
			buildActionMask = 2147483647;
			files = (
			);
			runOnlyForDeploymentPostprocessing = 0;
		};
		F3DA431E1A4B39EB00659DB3 /* Frameworks */ = {
			isa = PBXFrameworksBuildPhase;
			buildActionMask = 2147483647;
			files = (
			);
			runOnlyForDeploymentPostprocessing = 0;
		};
/* End PBXFrameworksBuildPhase section */

/* Begin PBXGroup section */
		F3DA43031A4B39EA00659DB3 = {
			isa = PBXGroup;
			children = (
				F3DA430E1A4B39EB00659DB3 /* Rain Rhythm */,
				F3DA43241A4B39EB00659DB3 /* Rain RhythmTests */,
				F3DA430D1A4B39EB00659DB3 /* Products */,
			);
			sourceTree = "<group>";
		};
		F3DA430D1A4B39EB00659DB3 /* Products */ = {
			isa = PBXGroup;
			children = (
				F3DA430C1A4B39EB00659DB3 /* Rain Rhythm.app */,
				F3DA43211A4B39EB00659DB3 /* Rain RhythmTests.xctest */,
			);
			name = Products;
			sourceTree = "<group>";
		};
		F3DA430E1A4B39EB00659DB3 /* Rain Rhythm */ = {
			isa = PBXGroup;
			children = (
				F3DA43111A4B39EB00659DB3 /* AppDelegate.swift */,
				F3DA43131A4B39EB00659DB3 /* ViewController.swift */,
				F3DA43151A4B39EB00659DB3 /* Main.storyboard */,
				F3DA43181A4B39EB00659DB3 /* Images.xcassets */,
				F3DA431A1A4B39EB00659DB3 /* LaunchScreen.xib */,
				F3DA430F1A4B39EB00659DB3 /* Supporting Files */,
			);
			path = "Rain Rhythm";
			sourceTree = "<group>";
		};
		F3DA430F1A4B39EB00659DB3 /* Supporting Files */ = {
			isa = PBXGroup;
			children = (
				F3DA43101A4B39EB00659DB3 /* Info.plist */,
			);
			name = "Supporting Files";
			sourceTree = "<group>";
		};
		F3DA43241A4B39EB00659DB3 /* Rain RhythmTests */ = {
			isa = PBXGroup;
			children = (
				F3DA43271A4B39EB00659DB3 /* Rain_RhythmTests.swift */,
				F3DA43251A4B39EB00659DB3 /* Supporting Files */,
			);
			path = "Rain RhythmTests";
			sourceTree = "<group>";
		};
		F3DA43251A4B39EB00659DB3 /* Supporting Files */ = {
			isa = PBXGroup;
			children = (
				F3DA43261A4B39EB00659DB3 /* Info.plist */,
			);
			name = "Supporting Files";
			sourceTree = "<group>";
		};
/* End PBXGroup section */

/* Begin PBXNativeTarget section */
		F3DA430B1A4B39EA00659DB3 /* Rain Rhythm */ = {
			isa = PBXNativeTarget;
			buildConfigurationList = F3DA432B1A4B39EB00659DB3 /* Build configuration list for PBXNativeTarget "Rain Rhythm" */;
			buildPhases = (
				F3DA43081A4B39EA00659DB3 /* Sources */,
				F3DA43091A4B39EA00659DB3 /* Frameworks */,
				F3DA430A1A4B39EA00659DB3 /* Resources */,
			);
			buildRules = (
			);
			dependencies = (
			);
			name = "Rain Rhythm";
			productName = "Rain Rhythm";
			productReference = F3DA430C1A4B39EB00659DB3 /* Rain Rhythm.app */;
			productType = "com.apple.product-type.application";
		};
		F3DA43201A4B39EB00659DB3 /* Rain RhythmTests */ = {
			isa = PBXNativeTarget;
			buildConfigurationList = F3DA432E1A4B39EB00659DB3 /* Build configuration list for PBXNativeTarget "Rain RhythmTests" */;
			buildPhases = (
				F3DA431D1A4B39EB00659DB3 /* Sources */,
				F3DA431E1A4B39EB00659DB3 /* Frameworks */,
				F3DA431F1A4B39EB00659DB3 /* Resources */,
			);
			buildRules = (
			);
			dependencies = (
				F3DA43231A4B39EB00659DB3 /* PBXTargetDependency */,
			);
			name = "Rain RhythmTests";
			productName = "Rain RhythmTests";
			productReference = F3DA43211A4B39EB00659DB3 /* Rain RhythmTests.xctest */;
			productType = "com.apple.product-type.bundle.unit-test";
		};
/* End PBXNativeTarget section */

/* Begin PBXProject section */
		F3DA43041A4B39EA00659DB3 /* Project object */ = {
			isa = PBXProject;
			attributes = {
				LastUpgradeCheck = 0610;
				ORGANIZATIONNAME = "Ferdous Ahmed";
				TargetAttributes = {
					F3DA430B1A4B39EA00659DB3 = {
						CreatedOnToolsVersion = 6.1.1;
					};
					F3DA43201A4B39EB00659DB3 = {
						CreatedOnToolsVersion = 6.1.1;
						TestTargetID = F3DA430B1A4B39EA00659DB3;
					};
				};
			};
			buildConfigurationList = F3DA43071A4B39EA00659DB3 /* Build configuration list for PBXProject "Rain Rhythm" */;
			compatibilityVersion = "Xcode 3.2";
			developmentRegion = English;
			hasScannedForEncodings = 0;
			knownRegions = (
				en,
				Base,
			);
			mainGroup = F3DA43031A4B39EA00659DB3;
			productRefGroup = F3DA430D1A4B39EB00659DB3 /* Products */;
			projectDirPath = "";
			projectRoot = "";
			targets = (
				F3DA430B1A4B39EA00659DB3 /* Rain Rhythm */,
				F3DA43201A4B39EB00659DB3 /* Rain RhythmTests */,
			);
		};
/* End PBXProject section */

/* Begin PBXResourcesBuildPhase section */
		F3DA430A1A4B39EA00659DB3 /* Resources */ = {
			isa = PBXResourcesBuildPhase;
			buildActionMask = 2147483647;
			files = (
				F3DA43171A4B39EB00659DB3 /* Main.storyboard in Resources */,
				F3DA431C1A4B39EB00659DB3 /* LaunchScreen.xib in Resources */,
				F3DA43191A4B39EB00659DB3 /* Images.xcassets in Resources */,
			);
			runOnlyForDeploymentPostprocessing = 0;
		};
		F3DA431F1A4B39EB00659DB3 /* Resources */ = {
			isa = PBXResourcesBuildPhase;
			buildActionMask = 2147483647;
			files = (
			);
			runOnlyForDeploymentPostprocessing = 0;
		};
/* End PBXResourcesBuildPhase section */

/* Begin PBXSourcesBuildPhase section */
		F3DA43081A4B39EA00659DB3 /* Sources */ = {
			isa = PBXSourcesBuildPhase;
			buildActionMask = 2147483647;
			files = (
				F3DA43141A4B39EB00659DB3 /* ViewController.swift in Sources */,
				F3DA43121A4B39EB00659DB3 /* AppDelegate.swift in Sources */,
			);
			runOnlyForDeploymentPostprocessing = 0;
		};
		F3DA431D1A4B39EB00659DB3 /* Sources */ = {
			isa = PBXSourcesBuildPhase;
			buildActionMask = 2147483647;
			files = (
				F3DA43281A4B39EB00659DB3 /* Rain_RhythmTests.swift in Sources */,
			);
			runOnlyForDeploymentPostprocessing = 0;
		};
/* End PBXSourcesBuildPhase section */

/* Begin PBXTargetDependency section */
		F3DA43231A4B39EB00659DB3 /* PBXTargetDependency */ = {
			isa = PBXTargetDependency;
			target = F3DA430B1A4B39EA00659DB3 /* Rain Rhythm */;
			targetProxy = F3DA43221A4B39EB00659DB3 /* PBXContainerItemProxy */;
		};
/* End PBXTargetDependency section */

/* Begin PBXVariantGroup section */
		F3DA43151A4B39EB00659DB3 /* Main.storyboard */ = {
			isa = PBXVariantGroup;
			children = (
				F3DA43161A4B39EB00659DB3 /* Base */,
			);
			name = Main.storyboard;
			sourceTree = "<group>";
		};
		F3DA431A1A4B39EB00659DB3 /* LaunchScreen.xib */ = {
			isa = PBXVariantGroup;
			children = (
				F3DA431B1A4B39EB00659DB3 /* Base */,
			);
			name = LaunchScreen.xib;
			sourceTree = "<group>";
		};
/* End PBXVariantGroup section */

/* Begin XCBuildConfiguration section */
		F3DA43291A4B39EB00659DB3 /* Debug */ = {
			isa = XCBuildConfiguration;
			buildSettings = {
				ALWAYS_SEARCH_USER_PATHS = NO;
				CLANG_CXX_LANGUAGE_STANDARD = "gnu++0x";
				CLANG_CXX_LIBRARY = "libc++";
				CLANG_ENABLE_MODULES = YES;
				CLANG_ENABLE_OBJC_ARC = YES;
				CLANG_WARN_BOOL_CONVERSION = YES;
				CLANG_WARN_CONSTANT_CONVERSION = YES;
				CLANG_WARN_DIRECT_OBJC_ISA_USAGE = YES_ERROR;
				CLANG_WARN_EMPTY_BODY = YES;
				CLANG_WARN_ENUM_CONVERSION = YES;
				CLANG_WARN_INT_CONVERSION = YES;
				CLANG_WARN_OBJC_ROOT_CLASS = YES_ERROR;
				CLANG_WARN_UNREACHABLE_CODE = YES;
				CLANG_WARN__DUPLICATE_METHOD_MATCH = YES;
				"CODE_SIGN_IDENTITY[sdk=iphoneos*]" = "iPhone Developer";
				COPY_PHASE_STRIP = NO;
				ENABLE_STRICT_OBJC_MSGSEND = YES;
				GCC_C_LANGUAGE_STANDARD = gnu99;
				GCC_DYNAMIC_NO_PIC = NO;
				GCC_OPTIMIZATION_LEVEL = 0;
				GCC_PREPROCESSOR_DEFINITIONS = (
					"DEBUG=1",
					"$(inherited)",
				);
				GCC_SYMBOLS_PRIVATE_EXTERN = NO;
				GCC_WARN_64_TO_32_BIT_CONVERSION = YES;
				GCC_WARN_ABOUT_RETURN_TYPE = YES_ERROR;
				GCC_WARN_UNDECLARED_SELECTOR = YES;
				GCC_WARN_UNINITIALIZED_AUTOS = YES_AGGRESSIVE;
				GCC_WARN_UNUSED_FUNCTION = YES;
				GCC_WARN_UNUSED_VARIABLE = YES;
				IPHONEOS_DEPLOYMENT_TARGET = 8.1;
				MTL_ENABLE_DEBUG_INFO = YES;
				ONLY_ACTIVE_ARCH = YES;
				SDKROOT = iphoneos;
				SWIFT_OPTIMIZATION_LEVEL = "-Onone";
			};
			name = Debug;
		};
		F3DA432A1A4B39EB00659DB3 /* Release */ = {
			isa = XCBuildConfiguration;
			buildSettings = {
				ALWAYS_SEARCH_USER_PATHS = NO;
				CLANG_CXX_LANGUAGE_STANDARD = "gnu++0x";
				CLANG_CXX_LIBRARY = "libc++";
				CLANG_ENABLE_MODULES = YES;
				CLANG_ENABLE_OBJC_ARC = YES;
				CLANG_WARN_BOOL_CONVERSION = YES;
				CLANG_WARN_CONSTANT_CONVERSION = YES;
				CLANG_WARN_DIRECT_OBJC_ISA_USAGE = YES_ERROR;
				CLANG_WARN_EMPTY_BODY = YES;
				CLANG_WARN_ENUM_CONVERSION = YES;
				CLANG_WARN_INT_CONVERSION = YES;
				CLANG_WARN_OBJC_ROOT_CLASS = YES_ERROR;
				CLANG_WARN_UNREACHABLE_CODE = YES;
				CLANG_WARN__DUPLICATE_METHOD_MATCH = YES;
				"CODE_SIGN_IDENTITY[sdk=iphoneos*]" = "iPhone Developer";
				COPY_PHASE_STRIP = YES;
				ENABLE_NS_ASSERTIONS = NO;
				ENABLE_STRICT_OBJC_MSGSEND = YES;
				GCC_C_LANGUAGE_STANDARD = gnu99;
				GCC_WARN_64_TO_32_BIT_CONVERSION = YES;
				GCC_WARN_ABOUT_RETURN_TYPE = YES_ERROR;
				GCC_WARN_UNDECLARED_SELECTOR = YES;
				GCC_WARN_UNINITIALIZED_AUTOS = YES_AGGRESSIVE;
				GCC_WARN_UNUSED_FUNCTION = YES;
				GCC_WARN_UNUSED_VARIABLE = YES;
				IPHONEOS_DEPLOYMENT_TARGET = 8.1;
				MTL_ENABLE_DEBUG_INFO = NO;
				SDKROOT = iphoneos;
				VALIDATE_PRODUCT = YES;
			};
			name = Release;
		};
		F3DA432C1A4B39EB00659DB3 /* Debug */ = {
			isa = XCBuildConfiguration;
			buildSettings = {
				ASSETCATALOG_COMPILER_APPICON_NAME = AppIcon;
				INFOPLIST_FILE = "Rain Rhythm/Info.plist";
				LD_RUNPATH_SEARCH_PATHS = "$(inherited) @executable_path/Frameworks";
				PRODUCT_NAME = "$(TARGET_NAME)";
			};
			name = Debug;
		};
		F3DA432D1A4B39EB00659DB3 /* Release */ = {
			isa = XCBuildConfiguration;
			buildSettings = {
				ASSETCATALOG_COMPILER_APPICON_NAME = AppIcon;
				INFOPLIST_FILE = "Rain Rhythm/Info.plist";
				LD_RUNPATH_SEARCH_PATHS = "$(inherited) @executable_path/Frameworks";
				PRODUCT_NAME = "$(TARGET_NAME)";
			};
			name = Release;
		};
		F3DA432F1A4B39EB00659DB3 /* Debug */ = {
			isa = XCBuildConfiguration;
			buildSettings = {
				BUNDLE_LOADER = "$(TEST_HOST)";
				FRAMEWORK_SEARCH_PATHS = (
					"$(SDKROOT)/Developer/Library/Frameworks",
					"$(inherited)",
				);
				GCC_PREPROCESSOR_DEFINITIONS = (
					"DEBUG=1",
					"$(inherited)",
				);
				INFOPLIST_FILE = "Rain RhythmTests/Info.plist";
				LD_RUNPATH_SEARCH_PATHS = "$(inherited) @executable_path/Frameworks @loader_path/Frameworks";
				PRODUCT_NAME = "$(TARGET_NAME)";
				TEST_HOST = "$(BUILT_PRODUCTS_DIR)/Rain Rhythm.app/Rain Rhythm";
			};
			name = Debug;
		};
		F3DA43301A4B39EB00659DB3 /* Release */ = {
			isa = XCBuildConfiguration;
			buildSettings = {
				BUNDLE_LOADER = "$(TEST_HOST)";
				FRAMEWORK_SEARCH_PATHS = (
					"$(SDKROOT)/Developer/Library/Frameworks",
					"$(inherited)",
				);
				INFOPLIST_FILE = "Rain RhythmTests/Info.plist";
				LD_RUNPATH_SEARCH_PATHS = "$(inherited) @executable_path/Frameworks @loader_path/Frameworks";
				PRODUCT_NAME = "$(TARGET_NAME)";
				TEST_HOST = "$(BUILT_PRODUCTS_DIR)/Rain Rhythm.app/Rain Rhythm";
			};
			name = Release;
		};
/* End XCBuildConfiguration section */

/* Begin XCConfigurationList section */
		F3DA43071A4B39EA00659DB3 /* Build configuration list for PBXProject "Rain Rhythm" */ = {
			isa = XCConfigurationList;
			buildConfigurations = (
				F3DA43291A4B39EB00659DB3 /* Debug */,
				F3DA432A1A4B39EB00659DB3 /* Release */,
			);
			defaultConfigurationIsVisible = 0;
			defaultConfigurationName = Release;
		};
		F3DA432B1A4B39EB00659DB3 /* Build configuration list for PBXNativeTarget "Rain Rhythm" */ = {
			isa = XCConfigurationList;
			buildConfigurations = (
				F3DA432C1A4B39EB00659DB3 /* Debug */,
				F3DA432D1A4B39EB00659DB3 /* Release */,
			);
			defaultConfigurationIsVisible = 0;
		};
		F3DA432E1A4B39EB00659DB3 /* Build configuration list for PBXNativeTarget "Rain RhythmTests" */ = {
			isa = XCConfigurationList;
			buildConfigurations = (
				F3DA432F1A4B39EB00659DB3 /* Debug */,
				F3DA43301A4B39EB00659DB3 /* Release */,
			);
			defaultConfigurationIsVisible = 0;
		};
/* End XCConfigurationList section */
	};
	rootObject = F3DA43041A4B39EA00659DB3 /* Project object */;
}
